
Microsoft Visual Studio Solution File, Format Version 12.00
# Visual Studio Version 16
VisualStudioVersion = 16.0.30523.141
MinimumVisualStudioVersion = 10.0.40219.1
Project("{FAE04EC0-301F-11D3-BF4B-00C04F79EFBC}") = "KTR", "KTR.csproj", "{098F3445-2985-48DA-923C-5AD6823E2B9C}"
EndProject
Global
	GlobalSection(SolutionConfigurationPlatforms) = preSolution
		Debug|Any CPU = Debug|Any CPU
		Release|Any CPU = Release|Any CPU
	EndGlobalSection
	GlobalSection(ProjectConfigurationPlatforms) = postSolution
		{098F3445-2985-48DA-923C-5AD6823E2B9C}.Debug|Any CPU.ActiveCfg = Debug|Any CPU
		{098F3445-2985-48DA-923C-5AD6823E2B9C}.Debug|Any CPU.Build.0 = Debug|Any CPU
		{098F3445-2985-48DA-923C-5AD6823E2B9C}.Release|Any CPU.ActiveCfg = Release|Any CPU
		{098F3445-2985-48DA-923C-5AD6823E2B9C}.Release|Any CPU.Build.0 = Release|Any CPU
	EndGlobalSection
	GlobalSection(SolutionProperties) = preSolution
		HideSolutionNode = FALSE
	EndGlobalSection
	GlobalSection(ExtensibilityGlobals) = postSolution
		SolutionGuid = {38D146D9-109E-404F-A796-010F8F8DD39B}
	EndGlobalSection
EndGlobal
